
Microsoft Visual Studio Solution File, Format Version 12.00
# Visual Studio Version 17
VisualStudioVersion = 17.0.31903.59
MinimumVisualStudioVersion = 10.0.40219.1
Project("{9A19103F-16F7-4668-BE54-9A1E7A4F7556}") = "InterpreterInCSharp", "InterpreterInCSharp\InterpreterInCSharp.csproj", "{9A6CEA8C-C76F-4352-9B0F-D2714628963C}"
EndProject
Project("{9A19103F-16F7-4668-BE54-9A1E7A4F7556}") = "InterpreterInCSharp.Tests", "InterpreterInCSharp.Tests\InterpreterInCSharp.Tests.csproj", "{065B6CAC-DC86-41CD-B78F-E6029CA9A5D4}"
EndProject
Global
	GlobalSection(SolutionConfigurationPlatforms) = preSolution
		Debug|Any CPU = Debug|Any CPU
		Release|Any CPU = Release|Any CPU
	EndGlobalSection
	GlobalSection(ProjectConfigurationPlatforms) = postSolution
		{9A6CEA8C-C76F-4352-9B0F-D2714628963C}.Debug|Any CPU.ActiveCfg = Debug|Any CPU
		{9A6CEA8C-C76F-4352-9B0F-D2714628963C}.Debug|Any CPU.Build.0 = Debug|Any CPU
		{9A6CEA8C-C76F-4352-9B0F-D2714628963C}.Release|Any CPU.ActiveCfg = Release|Any CPU
		{9A6CEA8C-C76F-4352-9B0F-D2714628963C}.Release|Any CPU.Build.0 = Release|Any CPU
		{065B6CAC-DC86-41CD-B78F-E6029CA9A5D4}.Debug|Any CPU.ActiveCfg = Debug|Any CPU
		{065B6CAC-DC86-41CD-B78F-E6029CA9A5D4}.Debug|Any CPU.Build.0 = Debug|Any CPU
		{065B6CAC-DC86-41CD-B78F-E6029CA9A5D4}.Release|Any CPU.ActiveCfg = Release|Any CPU
		{065B6CAC-DC86-41CD-B78F-E6029CA9A5D4}.Release|Any CPU.Build.0 = Release|Any CPU
		{505E4854-7F70-4FDA-983E-952ADB2AE48A}.Debug|Any CPU.ActiveCfg = Debug|Any CPU
		{505E4854-7F70-4FDA-983E-952ADB2AE48A}.Debug|Any CPU.Build.0 = Debug|Any CPU
		{505E4854-7F70-4FDA-983E-952ADB2AE48A}.Release|Any CPU.ActiveCfg = Release|Any CPU
		{505E4854-7F70-4FDA-983E-952ADB2AE48A}.Release|Any CPU.Build.0 = Release|Any CPU
	EndGlobalSection
	GlobalSection(SolutionProperties) = preSolution
		HideSolutionNode = FALSE
	EndGlobalSection
EndGlobal
